// !$*UTF8*$!
{
	archiveVersion = 1;
	classes = {
	};
	objectVersion = 46;
	objects = {

/* Begin PBXBuildFile section */
		6B5924A11C8585AB00C2D12C /* AppDelegate.swift in Sources */ = {isa = PBXBuildFile; fileRef = 6B5924A01C8585AB00C2D12C /* AppDelegate.swift */; };
		6B5924A31C8585AB00C2D12C /* ViewController.swift in Sources */ = {isa = PBXBuildFile; fileRef = 6B5924A21C8585AB00C2D12C /* ViewController.swift */; };
		6B5924A61C8585AB00C2D12C /* Main.storyboard in Resources */ = {isa = PBXBuildFile; fileRef = 6B5924A41C8585AB00C2D12C /* Main.storyboard */; };
		6B5924A81C8585AB00C2D12C /* Assets.xcassets in Resources */ = {isa = PBXBuildFile; fileRef = 6B5924A71C8585AB00C2D12C /* Assets.xcassets */; };
		6B5924AB1C8585AB00C2D12C /* LaunchScreen.storyboard in Resources */ = {isa = PBXBuildFile; fileRef = 6B5924A91C8585AB00C2D12C /* LaunchScreen.storyboard */; };
		6B5924B31C85886F00C2D12C /* RisurtViewController.swift in Sources */ = {isa = PBXBuildFile; fileRef = 6B5924B21C85886F00C2D12C /* RisurtViewController.swift */; };
/* End PBXBuildFile section */

/* Begin PBXFileReference section */
		6B59249D1C8585AB00C2D12C /* SecondKadaiApp.app */ = {isa = PBXFileReference; explicitFileType = wrapper.application; includeInIndex = 0; path = SecondKadaiApp.app; sourceTree = BUILT_PRODUCTS_DIR; };
		6B5924A01C8585AB00C2D12C /* AppDelegate.swift */ = {isa = PBXFileReference; lastKnownFileType = sourcecode.swift; path = AppDelegate.swift; sourceTree = "<group>"; };
		6B5924A21C8585AB00C2D12C /* ViewController.swift */ = {isa = PBXFileReference; lastKnownFileType = sourcecode.swift; path = ViewController.swift; sourceTree = "<group>"; };
		6B5924A51C8585AB00C2D12C /* Base */ = {isa = PBXFileReference; lastKnownFileType = file.storyboard; name = Base; path = Base.lproj/Main.storyboard; sourceTree = "<group>"; };
		6B5924A71C8585AB00C2D12C /* Assets.xcassets */ = {isa = PBXFileReference; lastKnownFileType = folder.assetcatalog; path = Assets.xcassets; sourceTree = "<group>"; };
		6B5924AA1C8585AB00C2D12C /* Base */ = {isa = PBXFileReference; lastKnownFileType = file.storyboard; name = Base; path = Base.lproj/LaunchScreen.storyboard; sourceTree = "<group>"; };
		6B5924AC1C8585AB00C2D12C /* Info.plist */ = {isa = PBXFileReference; lastKnownFileType = text.plist.xml; path = Info.plist; sourceTree = "<group>"; };
		6B5924B21C85886F00C2D12C /* RisurtViewController.swift */ = {isa = PBXFileReference; fileEncoding = 4; lastKnownFileType = sourcecode.swift; path = RisurtViewController.swift; sourceTree = "<group>"; };
/* End PBXFileReference section */

/* Begin PBXFrameworksBuildPhase section */
		6B59249A1C8585AB00C2D12C /* Frameworks */ = {
			isa = PBXFrameworksBuildPhase;
			buildActionMask = 2147483647;
			files = (
			);
			runOnlyForDeploymentPostprocessing = 0;
		};
/* End PBXFrameworksBuildPhase section */

/* Begin PBXGroup section */
		6B5924941C8585AA00C2D12C = {
			isa = PBXGroup;
			children = (
				6B59249F1C8585AB00C2D12C /* SecondKadaiApp */,
				6B59249E1C8585AB00C2D12C /* Products */,
			);
			sourceTree = "<group>";
		};
		6B59249E1C8585AB00C2D12C /* Products */ = {
			isa = PBXGroup;
			children = (
				6B59249D1C8585AB00C2D12C /* SecondKadaiApp.app */,
			);
			name = Products;
			sourceTree = "<group>";
		};
		6B59249F1C8585AB00C2D12C /* SecondKadaiApp */ = {
			isa = PBXGroup;
			children = (
				6B5924A01C8585AB00C2D12C /* AppDelegate.swift */,
				6B5924A21C8585AB00C2D12C /* ViewController.swift */,
				6B5924A41C8585AB00C2D12C /* Main.storyboard */,
				6B5924B21C85886F00C2D12C /* RisurtViewController.swift */,
				6B5924A71C8585AB00C2D12C /* Assets.xcassets */,
				6B5924A91C8585AB00C2D12C /* LaunchScreen.storyboard */,
				6B5924AC1C8585AB00C2D12C /* Info.plist */,
			);
			path = SecondKadaiApp;
			sourceTree = "<group>";
		};
/* End PBXGroup section */

/* Begin PBXNativeTarget section */
		6B59249C1C8585AB00C2D12C /* SecondKadaiApp */ = {
			isa = PBXNativeTarget;
			buildConfigurationList = 6B5924AF1C8585AB00C2D12C /* Build configuration list for PBXNativeTarget "SecondKadaiApp" */;
			buildPhases = (
				6B5924991C8585AB00C2D12C /* Sources */,
				6B59249A1C8585AB00C2D12C /* Frameworks */,
				6B59249B1C8585AB00C2D12C /* Resources */,
			);
			buildRules = (
			);
			dependencies = (
			);
			name = SecondKadaiApp;
			productName = SecondKadaiApp;
			productReference = 6B59249D1C8585AB00C2D12C /* SecondKadaiApp.app */;
			productType = "com.apple.product-type.application";
		};
/* End PBXNativeTarget section */

/* Begin PBXProject section */
		6B5924951C8585AA00C2D12C /* Project object */ = {
			isa = PBXProject;
			attributes = {
				LastSwiftUpdateCheck = 0720;
				LastUpgradeCheck = 0720;
				ORGANIZATIONNAME = "古場 勇人";
				TargetAttributes = {
					6B59249C1C8585AB00C2D12C = {
						CreatedOnToolsVersion = 7.2.1;
					};
				};
			};
			buildConfigurationList = 6B5924981C8585AA00C2D12C /* Build configuration list for PBXProject "SecondKadaiApp" */;
			compatibilityVersion = "Xcode 3.2";
			developmentRegion = English;
			hasScannedForEncodings = 0;
			knownRegions = (
				en,
				Base,
			);
			mainGroup = 6B5924941C8585AA00C2D12C;
			productRefGroup = 6B59249E1C8585AB00C2D12C /* Products */;
			projectDirPath = "";
			projectRoot = "";
			targets = (
				6B59249C1C8585AB00C2D12C /* SecondKadaiApp */,
			);
		};
/* End PBXProject section */

/* Begin PBXResourcesBuildPhase section */
		6B59249B1C8585AB00C2D12C /* Resources */ = {
			isa = PBXResourcesBuildPhase;
			buildActionMask = 2147483647;
			files = (
				6B5924AB1C8585AB00C2D12C /* LaunchScreen.storyboard in Resources */,
				6B5924A81C8585AB00C2D12C /* Assets.xcassets in Resources */,
				6B5924A61C8585AB00C2D12C /* Main.storyboard in Resources */,
			);
			runOnlyForDeploymentPostprocessing = 0;
		};
/* End PBXResourcesBuildPhase section */

/* Begin PBXSourcesBuildPhase section */
		6B5924991C8585AB00C2D12C /* Sources */ = {
			isa = PBXSourcesBuildPhase;
			buildActionMask = 2147483647;
			files = (
				6B5924A31C8585AB00C2D12C /* ViewController.swift in Sources */,
				6B5924A11C8585AB00C2D12C /* AppDelegate.swift in Sources */,
				6B5924B31C85886F00C2D12C /* RisurtViewController.swift in Sources */,
			);
			runOnlyForDeploymentPostprocessing = 0;
		};
/* End PBXSourcesBuildPhase section */

/* Begin PBXVariantGroup section */
		6B5924A41C8585AB00C2D12C /* Main.storyboard */ = {
			isa = PBXVariantGroup;
			children = (
				6B5924A51C8585AB00C2D12C /* Base */,
			);
			name = Main.storyboard;
			sourceTree = "<group>";
		};
		6B5924A91C8585AB00C2D12C /* LaunchScreen.storyboard */ = {
			isa = PBXVariantGroup;
			children = (
				6B5924AA1C8585AB00C2D12C /* Base */,
			);
			name = LaunchScreen.storyboard;
			sourceTree = "<group>";
		};
/* End PBXVariantGroup section */

/* Begin XCBuildConfiguration section */
		6B5924AD1C8585AB00C2D12C /* Debug */ = {
			isa = XCBuildConfiguration;
			buildSettings = {
				ALWAYS_SEARCH_USER_PATHS = NO;
				CLANG_CXX_LANGUAGE_STANDARD = "gnu++0x";
				CLANG_CXX_LIBRARY = "libc++";
				CLANG_ENABLE_MODULES = YES;
				CLANG_ENABLE_OBJC_ARC = YES;
				CLANG_WARN_BOOL_CONVERSION = YES;
				CLANG_WARN_CONSTANT_CONVERSION = YES;
				CLANG_WARN_DIRECT_OBJC_ISA_USAGE = YES_ERROR;
				CLANG_WARN_EMPTY_BODY = YES;
				CLANG_WARN_ENUM_CONVERSION = YES;
				CLANG_WARN_INT_CONVERSION = YES;
				CLANG_WARN_OBJC_ROOT_CLASS = YES_ERROR;
				CLANG_WARN_UNREACHABLE_CODE = YES;
				CLANG_WARN__DUPLICATE_METHOD_MATCH = YES;
				"CODE_SIGN_IDENTITY[sdk=iphoneos*]" = "iPhone Developer";
				COPY_PHASE_STRIP = NO;
				DEBUG_INFORMATION_FORMAT = dwarf;
				ENABLE_STRICT_OBJC_MSGSEND = YES;
				ENABLE_TESTABILITY = YES;
				GCC_C_LANGUAGE_STANDARD = gnu99;
				GCC_DYNAMIC_NO_PIC = NO;
				GCC_NO_COMMON_BLOCKS = YES;
				GCC_OPTIMIZATION_LEVEL = 0;
				GCC_PREPROCESSOR_DEFINITIONS = (
					"DEBUG=1",
					"$(inherited)",
				);
				GCC_WARN_64_TO_32_BIT_CONVERSION = YES;
				GCC_WARN_ABOUT_RETURN_TYPE = YES_ERROR;
				GCC_WARN_UNDECLARED_SELECTOR = YES;
				GCC_WARN_UNINITIALIZED_AUTOS = YES_AGGRESSIVE;
				GCC_WARN_UNUSED_FUNCTION = YES;
				GCC_WARN_UNUSED_VARIABLE = YES;
				IPHONEOS_DEPLOYMENT_TARGET = 9.2;
				MTL_ENABLE_DEBUG_INFO = YES;
				ONLY_ACTIVE_ARCH = YES;
				SDKROOT = iphoneos;
				SWIFT_OPTIMIZATION_LEVEL = "-Onone";
			};
			name = Debug;
		};
		6B5924AE1C8585AB00C2D12C /* Release */ = {
			isa = XCBuildConfiguration;
			buildSettings = {
				ALWAYS_SEARCH_USER_PATHS = NO;
				CLANG_CXX_LANGUAGE_STANDARD = "gnu++0x";
				CLANG_CXX_LIBRARY = "libc++";
				CLANG_ENABLE_MODULES = YES;
				CLANG_ENABLE_OBJC_ARC = YES;
				CLANG_WARN_BOOL_CONVERSION = YES;
				CLANG_WARN_CONSTANT_CONVERSION = YES;
				CLANG_WARN_DIRECT_OBJC_ISA_USAGE = YES_ERROR;
				CLANG_WARN_EMPTY_BODY = YES;
				CLANG_WARN_ENUM_CONVERSION = YES;
				CLANG_WARN_INT_CONVERSION = YES;
				CLANG_WARN_OBJC_ROOT_CLASS = YES_ERROR;
				CLANG_WARN_UNREACHABLE_CODE = YES;
				CLANG_WARN__DUPLICATE_METHOD_MATCH = YES;
				"CODE_SIGN_IDENTITY[sdk=iphoneos*]" = "iPhone Developer";
				COPY_PHASE_STRIP = NO;
				DEBUG_INFORMATION_FORMAT = "dwarf-with-dsym";
				ENABLE_NS_ASSERTIONS = NO;
				ENABLE_STRICT_OBJC_MSGSEND = YES;
				GCC_C_LANGUAGE_STANDARD = gnu99;
				GCC_NO_COMMON_BLOCKS = YES;
				GCC_WARN_64_TO_32_BIT_CONVERSION = YES;
				GCC_WARN_ABOUT_RETURN_TYPE = YES_ERROR;
				GCC_WARN_UNDECLARED_SELECTOR = YES;
				GCC_WARN_UNINITIALIZED_AUTOS = YES_AGGRESSIVE;
				GCC_WARN_UNUSED_FUNCTION = YES;
				GCC_WARN_UNUSED_VARIABLE = YES;
				IPHONEOS_DEPLOYMENT_TARGET = 9.2;
				MTL_ENABLE_DEBUG_INFO = NO;
				SDKROOT = iphoneos;
				VALIDATE_PRODUCT = YES;
			};
			name = Release;
		};
		6B5924B01C8585AB00C2D12C /* Debug */ = {
			isa = XCBuildConfiguration;
			buildSettings = {
				ASSETCATALOG_COMPILER_APPICON_NAME = AppIcon;
				INFOPLIST_FILE = SecondKadaiApp/Info.plist;
				LD_RUNPATH_SEARCH_PATHS = "$(inherited) @executable_path/Frameworks";
				PRODUCT_BUNDLE_IDENTIFIER = koba.SecondKadaiApp;
				PRODUCT_NAME = "$(TARGET_NAME)";
			};
			name = Debug;
		};
		6B5924B11C8585AB00C2D12C /* Release */ = {
			isa = XCBuildConfiguration;
			buildSettings = {
				ASSETCATALOG_COMPILER_APPICON_NAME = AppIcon;
				INFOPLIST_FILE = SecondKadaiApp/Info.plist;
				LD_RUNPATH_SEARCH_PATHS = "$(inherited) @executable_path/Frameworks";
				PRODUCT_BUNDLE_IDENTIFIER = koba.SecondKadaiApp;
				PRODUCT_NAME = "$(TARGET_NAME)";
			};
			name = Release;
		};
/* End XCBuildConfiguration section */

/* Begin XCConfigurationList section */
		6B5924981C8585AA00C2D12C /* Build configuration list for PBXProject "SecondKadaiApp" */ = {
			isa = XCConfigurationList;
			buildConfigurations = (
				6B5924AD1C8585AB00C2D12C /* Debug */,
				6B5924AE1C8585AB00C2D12C /* Release */,
			);
			defaultConfigurationIsVisible = 0;
			defaultConfigurationName = Release;
		};
		6B5924AF1C8585AB00C2D12C /* Build configuration list for PBXNativeTarget "SecondKadaiApp" */ = {
			isa = XCConfigurationList;
			buildConfigurations = (
				6B5924B01C8585AB00C2D12C /* Debug */,
				6B5924B11C8585AB00C2D12C /* Release */,
			);
			defaultConfigurationIsVisible = 0;
		};
/* End XCConfigurationList section */
	};
	rootObject = 6B5924951C8585AA00C2D12C /* Project object */;
}
